{
  "object": {
    "pins": [
      {
        "package": "InstantSearchClient",
        "repositoryURL": "https://github.com/algolia/algoliasearch-client-swift",
        "state": {
          "branch": "release/7.0.2",
          "revision": "281736ddd41f9f93e7d60311bb41380da0ceec00",
          "version": null
        }
      }
    ]
  },
  "version": 1
}
