PODS:
  - AlgoliaSearch-Client-Swift (3.5)

DEPENDENCIES:
  - AlgoliaSearch-Client-Swift (from `~/devt/workspace/clients-master/algoliasearch-client-swift`)

EXTERNAL SOURCES:
  AlgoliaSearch-Client-Swift:
    :path: ~/devt/workspace/clients-master/algoliasearch-client-swift

SPEC CHECKSUMS:
  AlgoliaSearch-Client-Swift: ee9319749b53faff5168943945a14774b2b512ab

PODFILE CHECKSUM: 7a76918f3c01a150f1a65fb02a8dd4de23e2bae9

COCOAPODS: 1.0.1
