PODS:
  - AlgoliaSearch-Client-Swift (3.7)

DEPENDENCIES:
  - AlgoliaSearch-Client-Swift (from `~/devt/workspace/clients-master/algoliasearch-client-swift`)

EXTERNAL SOURCES:
  AlgoliaSearch-Client-Swift:
    :path: ~/devt/workspace/clients-master/algoliasearch-client-swift

SPEC CHECKSUMS:
  AlgoliaSearch-Client-Swift: eb5c366e3474465faec768ffac447fbe2ea5e523

PODFILE CHECKSUM: 547807acfcf607917a273b72607059141914ba17

COCOAPODS: 1.1.0.rc.1
