{
  "object": {
    "pins": [
      {
        "package": "InstantSearchClient",
        "repositoryURL": "https://github.com/algolia/algoliasearch-client-swift",
        "state": {
          "branch": null,
          "revision": "ef949269c6119a69ed574edb8ccecd67b2e1cf38",
          "version": "7.0.3"
        }
      }
    ]
  },
  "version": 1
}
