{
  "object": {
    "pins": [
      {
        "package": "InstantSearchClient",
        "repositoryURL": "https://github.com/algolia/algoliasearch-client-swift",
        "state": {
          "branch": null,
          "revision": "ef949269c6119a69ed574edb8ccecd67b2e1cf38",
          "version": "7.0.3"
        }
      },
      {
        "package": "InstantSearchInsights",
        "repositoryURL": "https://github.com/algolia/instantsearch-ios-insights",
        "state": {
          "branch": null,
          "revision": "5c929e8b5c02b406f743f6530fa724e1bdc0d35b",
          "version": "2.3.0"
        }
      }
    ]
  },
  "version": 1
}
